
Microsoft Visual Studio Solution File, Format Version 12.00
# Visual Studio Version 17
VisualStudioVersion = 17.4.33122.133
MinimumVisualStudioVersion = 10.0.40219.1
Project("{FAE04EC0-301F-11D3-BF4B-00C04F79EFBC}") = "ListasDemo.UWP", "ListasDemo\ListasDemo.UWP\ListasDemo.UWP.csproj", "{0153824B-6634-4B66-93CA-D13A401D1793}"
EndProject
Project("{FAE04EC0-301F-11D3-BF4B-00C04F79EFBC}") = "ListasDemo.Android", "ListasDemo\ListasDemo.Android\ListasDemo.Android.csproj", "{BD910242-5584-4240-8C27-C4C69A4D70F4}"
EndProject
Project("{FAE04EC0-301F-11D3-BF4B-00C04F79EFBC}") = "ListasDemo.iOS", "ListasDemo\ListasDemo.iOS\ListasDemo.iOS.csproj", "{E9539ACD-1B76-4CBE-8B70-FD38060323FB}"
EndProject
Project("{FAE04EC0-301F-11D3-BF4B-00C04F79EFBC}") = "ListasDemo", "ListasDemo\ListasDemo\ListasDemo.csproj", "{A6CB9C29-692A-4289-A305-291EB1F9465A}"
EndProject
Global
	GlobalSection(SolutionConfigurationPlatforms) = preSolution
		Debug|Any CPU = Debug|Any CPU
		Debug|ARM = Debug|ARM
		Debug|iPhone = Debug|iPhone
		Debug|iPhoneSimulator = Debug|iPhoneSimulator
		Debug|x64 = Debug|x64
		Debug|x86 = Debug|x86
		Release|Any CPU = Release|Any CPU
		Release|ARM = Release|ARM
		Release|iPhone = Release|iPhone
		Release|iPhoneSimulator = Release|iPhoneSimulator
		Release|x64 = Release|x64
		Release|x86 = Release|x86
	EndGlobalSection
	GlobalSection(ProjectConfigurationPlatforms) = postSolution
		{0153824B-6634-4B66-93CA-D13A401D1793}.Debug|Any CPU.ActiveCfg = Debug|x64
		{0153824B-6634-4B66-93CA-D13A401D1793}.Debug|Any CPU.Build.0 = Debug|x64
		{0153824B-6634-4B66-93CA-D13A401D1793}.Debug|Any CPU.Deploy.0 = Debug|x64
		{0153824B-6634-4B66-93CA-D13A401D1793}.Debug|ARM.ActiveCfg = Debug|ARM
		{0153824B-6634-4B66-93CA-D13A401D1793}.Debug|ARM.Build.0 = Debug|ARM
		{0153824B-6634-4B66-93CA-D13A401D1793}.Debug|ARM.Deploy.0 = Debug|ARM
		{0153824B-6634-4B66-93CA-D13A401D1793}.Debug|iPhone.ActiveCfg = Debug|x64
		{0153824B-6634-4B66-93CA-D13A401D1793}.Debug|iPhone.Build.0 = Debug|x64
		{0153824B-6634-4B66-93CA-D13A401D1793}.Debug|iPhone.Deploy.0 = Debug|x64
		{0153824B-6634-4B66-93CA-D13A401D1793}.Debug|iPhoneSimulator.ActiveCfg = Debug|x64
		{0153824B-6634-4B66-93CA-D13A401D1793}.Debug|iPhoneSimulator.Build.0 = Debug|x64
		{0153824B-6634-4B66-93CA-D13A401D1793}.Debug|iPhoneSimulator.Deploy.0 = Debug|x64
		{0153824B-6634-4B66-93CA-D13A401D1793}.Debug|x64.ActiveCfg = Debug|x64
		{0153824B-6634-4B66-93CA-D13A401D1793}.Debug|x64.Build.0 = Debug|x64
		{0153824B-6634-4B66-93CA-D13A401D1793}.Debug|x64.Deploy.0 = Debug|x64
		{0153824B-6634-4B66-93CA-D13A401D1793}.Debug|x86.ActiveCfg = Debug|x86
		{0153824B-6634-4B66-93CA-D13A401D1793}.Debug|x86.Build.0 = Debug|x86
		{0153824B-6634-4B66-93CA-D13A401D1793}.Debug|x86.Deploy.0 = Debug|x86
		{0153824B-6634-4B66-93CA-D13A401D1793}.Release|Any CPU.ActiveCfg = Release|x64
		{0153824B-6634-4B66-93CA-D13A401D1793}.Release|Any CPU.Build.0 = Release|x64
		{0153824B-6634-4B66-93CA-D13A401D1793}.Release|Any CPU.Deploy.0 = Release|x64
		{0153824B-6634-4B66-93CA-D13A401D1793}.Release|ARM.ActiveCfg = Release|ARM
		{0153824B-6634-4B66-93CA-D13A401D1793}.Release|ARM.Build.0 = Release|ARM
		{0153824B-6634-4B66-93CA-D13A401D1793}.Release|ARM.Deploy.0 = Release|ARM
		{0153824B-6634-4B66-93CA-D13A401D1793}.Release|iPhone.ActiveCfg = Release|x64
		{0153824B-6634-4B66-93CA-D13A401D1793}.Release|iPhone.Build.0 = Release|x64
		{0153824B-6634-4B66-93CA-D13A401D1793}.Release|iPhone.Deploy.0 = Release|x64
		{0153824B-6634-4B66-93CA-D13A401D1793}.Release|iPhoneSimulator.ActiveCfg = Release|x64
		{0153824B-6634-4B66-93CA-D13A401D1793}.Release|iPhoneSimulator.Build.0 = Release|x64
		{0153824B-6634-4B66-93CA-D13A401D1793}.Release|iPhoneSimulator.Deploy.0 = Release|x64
		{0153824B-6634-4B66-93CA-D13A401D1793}.Release|x64.ActiveCfg = Release|x64
		{0153824B-6634-4B66-93CA-D13A401D1793}.Release|x64.Build.0 = Release|x64
		{0153824B-6634-4B66-93CA-D13A401D1793}.Release|x64.Deploy.0 = Release|x64
		{0153824B-6634-4B66-93CA-D13A401D1793}.Release|x86.ActiveCfg = Release|x86
		{0153824B-6634-4B66-93CA-D13A401D1793}.Release|x86.Build.0 = Release|x86
		{0153824B-6634-4B66-93CA-D13A401D1793}.Release|x86.Deploy.0 = Release|x86
		{BD910242-5584-4240-8C27-C4C69A4D70F4}.Debug|Any CPU.ActiveCfg = Debug|Any CPU
		{BD910242-5584-4240-8C27-C4C69A4D70F4}.Debug|Any CPU.Build.0 = Debug|Any CPU
		{BD910242-5584-4240-8C27-C4C69A4D70F4}.Debug|Any CPU.Deploy.0 = Debug|Any CPU
		{BD910242-5584-4240-8C27-C4C69A4D70F4}.Debug|ARM.ActiveCfg = Debug|Any CPU
		{BD910242-5584-4240-8C27-C4C69A4D70F4}.Debug|ARM.Build.0 = Debug|Any CPU
		{BD910242-5584-4240-8C27-C4C69A4D70F4}.Debug|ARM.Deploy.0 = Debug|Any CPU
		{BD910242-5584-4240-8C27-C4C69A4D70F4}.Debug|iPhone.ActiveCfg = Debug|Any CPU
		{BD910242-5584-4240-8C27-C4C69A4D70F4}.Debug|iPhone.Build.0 = Debug|Any CPU
		{BD910242-5584-4240-8C27-C4C69A4D70F4}.Debug|iPhone.Deploy.0 = Debug|Any CPU
		{BD910242-5584-4240-8C27-C4C69A4D70F4}.Debug|iPhoneSimulator.ActiveCfg = Debug|Any CPU
		{BD910242-5584-4240-8C27-C4C69A4D70F4}.Debug|iPhoneSimulator.Build.0 = Debug|Any CPU
		{BD910242-5584-4240-8C27-C4C69A4D70F4}.Debug|iPhoneSimulator.Deploy.0 = Debug|Any CPU
		{BD910242-5584-4240-8C27-C4C69A4D70F4}.Debug|x64.ActiveCfg = Debug|Any CPU
		{BD910242-5584-4240-8C27-C4C69A4D70F4}.Debug|x64.Build.0 = Debug|Any CPU
		{BD910242-5584-4240-8C27-C4C69A4D70F4}.Debug|x64.Deploy.0 = Debug|Any CPU
		{BD910242-5584-4240-8C27-C4C69A4D70F4}.Debug|x86.ActiveCfg = Debug|Any CPU
		{BD910242-5584-4240-8C27-C4C69A4D70F4}.Debug|x86.Build.0 = Debug|Any CPU
		{BD910242-5584-4240-8C27-C4C69A4D70F4}.Debug|x86.Deploy.0 = Debug|Any CPU
		{BD910242-5584-4240-8C27-C4C69A4D70F4}.Release|Any CPU.ActiveCfg = Release|Any CPU
		{BD910242-5584-4240-8C27-C4C69A4D70F4}.Release|Any CPU.Build.0 = Release|Any CPU
		{BD910242-5584-4240-8C27-C4C69A4D70F4}.Release|Any CPU.Deploy.0 = Release|Any CPU
		{BD910242-5584-4240-8C27-C4C69A4D70F4}.Release|ARM.ActiveCfg = Release|Any CPU
		{BD910242-5584-4240-8C27-C4C69A4D70F4}.Release|ARM.Build.0 = Release|Any CPU
		{BD910242-5584-4240-8C27-C4C69A4D70F4}.Release|ARM.Deploy.0 = Release|Any CPU
		{BD910242-5584-4240-8C27-C4C69A4D70F4}.Release|iPhone.ActiveCfg = Release|Any CPU
		{BD910242-5584-4240-8C27-C4C69A4D70F4}.Release|iPhone.Build.0 = Release|Any CPU
		{BD910242-5584-4240-8C27-C4C69A4D70F4}.Release|iPhone.Deploy.0 = Release|Any CPU
		{BD910242-5584-4240-8C27-C4C69A4D70F4}.Release|iPhoneSimulator.ActiveCfg = Release|Any CPU
		{BD910242-5584-4240-8C27-C4C69A4D70F4}.Release|iPhoneSimulator.Build.0 = Release|Any CPU
		{BD910242-5584-4240-8C27-C4C69A4D70F4}.Release|iPhoneSimulator.Deploy.0 = Release|Any CPU
		{BD910242-5584-4240-8C27-C4C69A4D70F4}.Release|x64.ActiveCfg = Release|Any CPU
		{BD910242-5584-4240-8C27-C4C69A4D70F4}.Release|x64.Build.0 = Release|Any CPU
		{BD910242-5584-4240-8C27-C4C69A4D70F4}.Release|x64.Deploy.0 = Release|Any CPU
		{BD910242-5584-4240-8C27-C4C69A4D70F4}.Release|x86.ActiveCfg = Release|Any CPU
		{BD910242-5584-4240-8C27-C4C69A4D70F4}.Release|x86.Build.0 = Release|Any CPU
		{BD910242-5584-4240-8C27-C4C69A4D70F4}.Release|x86.Deploy.0 = Release|Any CPU
		{E9539ACD-1B76-4CBE-8B70-FD38060323FB}.Debug|Any CPU.ActiveCfg = Debug|iPhoneSimulator
		{E9539ACD-1B76-4CBE-8B70-FD38060323FB}.Debug|Any CPU.Build.0 = Debug|iPhoneSimulator
		{E9539ACD-1B76-4CBE-8B70-FD38060323FB}.Debug|Any CPU.Deploy.0 = Debug|iPhoneSimulator
		{E9539ACD-1B76-4CBE-8B70-FD38060323FB}.Debug|ARM.ActiveCfg = Debug|iPhoneSimulator
		{E9539ACD-1B76-4CBE-8B70-FD38060323FB}.Debug|ARM.Build.0 = Debug|iPhoneSimulator
		{E9539ACD-1B76-4CBE-8B70-FD38060323FB}.Debug|ARM.Deploy.0 = Debug|iPhoneSimulator
		{E9539ACD-1B76-4CBE-8B70-FD38060323FB}.Debug|iPhone.ActiveCfg = Debug|iPhone
		{E9539ACD-1B76-4CBE-8B70-FD38060323FB}.Debug|iPhone.Build.0 = Debug|iPhone
		{E9539ACD-1B76-4CBE-8B70-FD38060323FB}.Debug|iPhone.Deploy.0 = Debug|iPhone
		{E9539ACD-1B76-4CBE-8B70-FD38060323FB}.Debug|iPhoneSimulator.ActiveCfg = Debug|iPhoneSimulator
		{E9539ACD-1B76-4CBE-8B70-FD38060323FB}.Debug|iPhoneSimulator.Build.0 = Debug|iPhoneSimulator
		{E9539ACD-1B76-4CBE-8B70-FD38060323FB}.Debug|iPhoneSimulator.Deploy.0 = Debug|iPhoneSimulator
		{E9539ACD-1B76-4CBE-8B70-FD38060323FB}.Debug|x64.ActiveCfg = Debug|iPhone
		{E9539ACD-1B76-4CBE-8B70-FD38060323FB}.Debug|x64.Build.0 = Debug|iPhone
		{E9539ACD-1B76-4CBE-8B70-FD38060323FB}.Debug|x64.Deploy.0 = Debug|iPhone
		{E9539ACD-1B76-4CBE-8B70-FD38060323FB}.Debug|x86.ActiveCfg = Debug|iPhoneSimulator
		{E9539ACD-1B76-4CBE-8B70-FD38060323FB}.Debug|x86.Build.0 = Debug|iPhoneSimulator
		{E9539ACD-1B76-4CBE-8B70-FD38060323FB}.Debug|x86.Deploy.0 = Debug|iPhoneSimulator
		{E9539ACD-1B76-4CBE-8B70-FD38060323FB}.Release|Any CPU.ActiveCfg = Release|iPhoneSimulator
		{E9539ACD-1B76-4CBE-8B70-FD38060323FB}.Release|Any CPU.Build.0 = Release|iPhoneSimulator
		{E9539ACD-1B76-4CBE-8B70-FD38060323FB}.Release|Any CPU.Deploy.0 = Release|iPhoneSimulator
		{E9539ACD-1B76-4CBE-8B70-FD38060323FB}.Release|ARM.ActiveCfg = Release|iPhoneSimulator
		{E9539ACD-1B76-4CBE-8B70-FD38060323FB}.Release|ARM.Build.0 = Release|iPhoneSimulator
		{E9539ACD-1B76-4CBE-8B70-FD38060323FB}.Release|ARM.Deploy.0 = Release|iPhoneSimulator
		{E9539ACD-1B76-4CBE-8B70-FD38060323FB}.Release|iPhone.ActiveCfg = Release|iPhone
		{E9539ACD-1B76-4CBE-8B70-FD38060323FB}.Release|iPhone.Build.0 = Release|iPhone
		{E9539ACD-1B76-4CBE-8B70-FD38060323FB}.Release|iPhone.Deploy.0 = Release|iPhone
		{E9539ACD-1B76-4CBE-8B70-FD38060323FB}.Release|iPhoneSimulator.ActiveCfg = Release|iPhoneSimulator
		{E9539ACD-1B76-4CBE-8B70-FD38060323FB}.Release|iPhoneSimulator.Build.0 = Release|iPhoneSimulator
		{E9539ACD-1B76-4CBE-8B70-FD38060323FB}.Release|iPhoneSimulator.Deploy.0 = Release|iPhoneSimulator
		{E9539ACD-1B76-4CBE-8B70-FD38060323FB}.Release|x64.ActiveCfg = Release|iPhoneSimulator
		{E9539ACD-1B76-4CBE-8B70-FD38060323FB}.Release|x64.Build.0 = Release|iPhoneSimulator
		{E9539ACD-1B76-4CBE-8B70-FD38060323FB}.Release|x64.Deploy.0 = Release|iPhoneSimulator
		{E9539ACD-1B76-4CBE-8B70-FD38060323FB}.Release|x86.ActiveCfg = Release|iPhoneSimulator
		{E9539ACD-1B76-4CBE-8B70-FD38060323FB}.Release|x86.Build.0 = Release|iPhoneSimulator
		{E9539ACD-1B76-4CBE-8B70-FD38060323FB}.Release|x86.Deploy.0 = Release|iPhoneSimulator
		{A6CB9C29-692A-4289-A305-291EB1F9465A}.Debug|Any CPU.ActiveCfg = Debug|Any CPU
		{A6CB9C29-692A-4289-A305-291EB1F9465A}.Debug|Any CPU.Build.0 = Debug|Any CPU
		{A6CB9C29-692A-4289-A305-291EB1F9465A}.Debug|Any CPU.Deploy.0 = Debug|Any CPU
		{A6CB9C29-692A-4289-A305-291EB1F9465A}.Debug|ARM.ActiveCfg = Debug|Any CPU
		{A6CB9C29-692A-4289-A305-291EB1F9465A}.Debug|ARM.Build.0 = Debug|Any CPU
		{A6CB9C29-692A-4289-A305-291EB1F9465A}.Debug|ARM.Deploy.0 = Debug|Any CPU
		{A6CB9C29-692A-4289-A305-291EB1F9465A}.Debug|iPhone.ActiveCfg = Debug|Any CPU
		{A6CB9C29-692A-4289-A305-291EB1F9465A}.Debug|iPhone.Build.0 = Debug|Any CPU
		{A6CB9C29-692A-4289-A305-291EB1F9465A}.Debug|iPhone.Deploy.0 = Debug|Any CPU
		{A6CB9C29-692A-4289-A305-291EB1F9465A}.Debug|iPhoneSimulator.ActiveCfg = Debug|Any CPU
		{A6CB9C29-692A-4289-A305-291EB1F9465A}.Debug|iPhoneSimulator.Build.0 = Debug|Any CPU
		{A6CB9C29-692A-4289-A305-291EB1F9465A}.Debug|iPhoneSimulator.Deploy.0 = Debug|Any CPU
		{A6CB9C29-692A-4289-A305-291EB1F9465A}.Debug|x64.ActiveCfg = Debug|Any CPU
		{A6CB9C29-692A-4289-A305-291EB1F9465A}.Debug|x64.Build.0 = Debug|Any CPU
		{A6CB9C29-692A-4289-A305-291EB1F9465A}.Debug|x64.Deploy.0 = Debug|Any CPU
		{A6CB9C29-692A-4289-A305-291EB1F9465A}.Debug|x86.ActiveCfg = Debug|Any CPU
		{A6CB9C29-692A-4289-A305-291EB1F9465A}.Debug|x86.Build.0 = Debug|Any CPU
		{A6CB9C29-692A-4289-A305-291EB1F9465A}.Debug|x86.Deploy.0 = Debug|Any CPU
		{A6CB9C29-692A-4289-A305-291EB1F9465A}.Release|Any CPU.ActiveCfg = Release|Any CPU
		{A6CB9C29-692A-4289-A305-291EB1F9465A}.Release|Any CPU.Build.0 = Release|Any CPU
		{A6CB9C29-692A-4289-A305-291EB1F9465A}.Release|Any CPU.Deploy.0 = Release|Any CPU
		{A6CB9C29-692A-4289-A305-291EB1F9465A}.Release|ARM.ActiveCfg = Release|Any CPU
		{A6CB9C29-692A-4289-A305-291EB1F9465A}.Release|ARM.Build.0 = Release|Any CPU
		{A6CB9C29-692A-4289-A305-291EB1F9465A}.Release|ARM.Deploy.0 = Release|Any CPU
		{A6CB9C29-692A-4289-A305-291EB1F9465A}.Release|iPhone.ActiveCfg = Release|Any CPU
		{A6CB9C29-692A-4289-A305-291EB1F9465A}.Release|iPhone.Build.0 = Release|Any CPU
		{A6CB9C29-692A-4289-A305-291EB1F9465A}.Release|iPhone.Deploy.0 = Release|Any CPU
		{A6CB9C29-692A-4289-A305-291EB1F9465A}.Release|iPhoneSimulator.ActiveCfg = Release|Any CPU
		{A6CB9C29-692A-4289-A305-291EB1F9465A}.Release|iPhoneSimulator.Build.0 = Release|Any CPU
		{A6CB9C29-692A-4289-A305-291EB1F9465A}.Release|iPhoneSimulator.Deploy.0 = Release|Any CPU
		{A6CB9C29-692A-4289-A305-291EB1F9465A}.Release|x64.ActiveCfg = Release|Any CPU
		{A6CB9C29-692A-4289-A305-291EB1F9465A}.Release|x64.Build.0 = Release|Any CPU
		{A6CB9C29-692A-4289-A305-291EB1F9465A}.Release|x64.Deploy.0 = Release|Any CPU
		{A6CB9C29-692A-4289-A305-291EB1F9465A}.Release|x86.ActiveCfg = Release|Any CPU
		{A6CB9C29-692A-4289-A305-291EB1F9465A}.Release|x86.Build.0 = Release|Any CPU
		{A6CB9C29-692A-4289-A305-291EB1F9465A}.Release|x86.Deploy.0 = Release|Any CPU
	EndGlobalSection
	GlobalSection(SolutionProperties) = preSolution
		HideSolutionNode = FALSE
	EndGlobalSection
	GlobalSection(ExtensibilityGlobals) = postSolution
		SolutionGuid = {52C0F4D4-DDA4-472B-B2FE-025EE61B7C3D}
	EndGlobalSection
EndGlobal
