
Microsoft Visual Studio Solution File, Format Version 12.00
# Visual Studio Version 17
VisualStudioVersion = 17.4.33122.133
MinimumVisualStudioVersion = 10.0.40219.1
Project("{FAE04EC0-301F-11D3-BF4B-00C04F79EFBC}") = "Amiibopedia.Android", "Amiibopedia\Amiibopedia.Android\Amiibopedia.Android.csproj", "{100004AF-1A78-40CC-88F9-38B0B1B6FCDF}"
EndProject
Project("{FAE04EC0-301F-11D3-BF4B-00C04F79EFBC}") = "Amiibopedia.iOS", "Amiibopedia\Amiibopedia.iOS\Amiibopedia.iOS.csproj", "{11D5A5FC-0948-4790-9224-4383A7E02595}"
EndProject
Project("{FAE04EC0-301F-11D3-BF4B-00C04F79EFBC}") = "Amiibopedia", "Amiibopedia\Amiibopedia\Amiibopedia.csproj", "{491FF4BA-428B-4D63-8E4B-232EC142EF66}"
EndProject
Global
	GlobalSection(SolutionConfigurationPlatforms) = preSolution
		Debug|Any CPU = Debug|Any CPU
		Debug|iPhone = Debug|iPhone
		Debug|iPhoneSimulator = Debug|iPhoneSimulator
		Release|Any CPU = Release|Any CPU
		Release|iPhone = Release|iPhone
		Release|iPhoneSimulator = Release|iPhoneSimulator
	EndGlobalSection
	GlobalSection(ProjectConfigurationPlatforms) = postSolution
		{100004AF-1A78-40CC-88F9-38B0B1B6FCDF}.Debug|Any CPU.ActiveCfg = Debug|Any CPU
		{100004AF-1A78-40CC-88F9-38B0B1B6FCDF}.Debug|Any CPU.Build.0 = Debug|Any CPU
		{100004AF-1A78-40CC-88F9-38B0B1B6FCDF}.Debug|Any CPU.Deploy.0 = Debug|Any CPU
		{100004AF-1A78-40CC-88F9-38B0B1B6FCDF}.Debug|iPhone.ActiveCfg = Debug|Any CPU
		{100004AF-1A78-40CC-88F9-38B0B1B6FCDF}.Debug|iPhone.Build.0 = Debug|Any CPU
		{100004AF-1A78-40CC-88F9-38B0B1B6FCDF}.Debug|iPhone.Deploy.0 = Debug|Any CPU
		{100004AF-1A78-40CC-88F9-38B0B1B6FCDF}.Debug|iPhoneSimulator.ActiveCfg = Debug|Any CPU
		{100004AF-1A78-40CC-88F9-38B0B1B6FCDF}.Debug|iPhoneSimulator.Build.0 = Debug|Any CPU
		{100004AF-1A78-40CC-88F9-38B0B1B6FCDF}.Debug|iPhoneSimulator.Deploy.0 = Debug|Any CPU
		{100004AF-1A78-40CC-88F9-38B0B1B6FCDF}.Release|Any CPU.ActiveCfg = Release|Any CPU
		{100004AF-1A78-40CC-88F9-38B0B1B6FCDF}.Release|Any CPU.Build.0 = Release|Any CPU
		{100004AF-1A78-40CC-88F9-38B0B1B6FCDF}.Release|Any CPU.Deploy.0 = Release|Any CPU
		{100004AF-1A78-40CC-88F9-38B0B1B6FCDF}.Release|iPhone.ActiveCfg = Release|Any CPU
		{100004AF-1A78-40CC-88F9-38B0B1B6FCDF}.Release|iPhone.Build.0 = Release|Any CPU
		{100004AF-1A78-40CC-88F9-38B0B1B6FCDF}.Release|iPhone.Deploy.0 = Release|Any CPU
		{100004AF-1A78-40CC-88F9-38B0B1B6FCDF}.Release|iPhoneSimulator.ActiveCfg = Release|Any CPU
		{100004AF-1A78-40CC-88F9-38B0B1B6FCDF}.Release|iPhoneSimulator.Build.0 = Release|Any CPU
		{100004AF-1A78-40CC-88F9-38B0B1B6FCDF}.Release|iPhoneSimulator.Deploy.0 = Release|Any CPU
		{11D5A5FC-0948-4790-9224-4383A7E02595}.Debug|Any CPU.ActiveCfg = Debug|iPhone
		{11D5A5FC-0948-4790-9224-4383A7E02595}.Debug|Any CPU.Build.0 = Debug|iPhone
		{11D5A5FC-0948-4790-9224-4383A7E02595}.Debug|Any CPU.Deploy.0 = Debug|iPhone
		{11D5A5FC-0948-4790-9224-4383A7E02595}.Debug|iPhone.ActiveCfg = Debug|iPhone
		{11D5A5FC-0948-4790-9224-4383A7E02595}.Debug|iPhone.Build.0 = Debug|iPhone
		{11D5A5FC-0948-4790-9224-4383A7E02595}.Debug|iPhone.Deploy.0 = Debug|iPhone
		{11D5A5FC-0948-4790-9224-4383A7E02595}.Debug|iPhoneSimulator.ActiveCfg = Debug|iPhoneSimulator
		{11D5A5FC-0948-4790-9224-4383A7E02595}.Debug|iPhoneSimulator.Build.0 = Debug|iPhoneSimulator
		{11D5A5FC-0948-4790-9224-4383A7E02595}.Debug|iPhoneSimulator.Deploy.0 = Debug|iPhoneSimulator
		{11D5A5FC-0948-4790-9224-4383A7E02595}.Release|Any CPU.ActiveCfg = Release|iPhoneSimulator
		{11D5A5FC-0948-4790-9224-4383A7E02595}.Release|Any CPU.Build.0 = Release|iPhoneSimulator
		{11D5A5FC-0948-4790-9224-4383A7E02595}.Release|Any CPU.Deploy.0 = Release|iPhoneSimulator
		{11D5A5FC-0948-4790-9224-4383A7E02595}.Release|iPhone.ActiveCfg = Release|iPhone
		{11D5A5FC-0948-4790-9224-4383A7E02595}.Release|iPhone.Build.0 = Release|iPhone
		{11D5A5FC-0948-4790-9224-4383A7E02595}.Release|iPhone.Deploy.0 = Release|iPhone
		{11D5A5FC-0948-4790-9224-4383A7E02595}.Release|iPhoneSimulator.ActiveCfg = Release|iPhoneSimulator
		{11D5A5FC-0948-4790-9224-4383A7E02595}.Release|iPhoneSimulator.Build.0 = Release|iPhoneSimulator
		{11D5A5FC-0948-4790-9224-4383A7E02595}.Release|iPhoneSimulator.Deploy.0 = Release|iPhoneSimulator
		{491FF4BA-428B-4D63-8E4B-232EC142EF66}.Debug|Any CPU.ActiveCfg = Debug|Any CPU
		{491FF4BA-428B-4D63-8E4B-232EC142EF66}.Debug|Any CPU.Build.0 = Debug|Any CPU
		{491FF4BA-428B-4D63-8E4B-232EC142EF66}.Debug|Any CPU.Deploy.0 = Debug|Any CPU
		{491FF4BA-428B-4D63-8E4B-232EC142EF66}.Debug|iPhone.ActiveCfg = Debug|Any CPU
		{491FF4BA-428B-4D63-8E4B-232EC142EF66}.Debug|iPhone.Build.0 = Debug|Any CPU
		{491FF4BA-428B-4D63-8E4B-232EC142EF66}.Debug|iPhone.Deploy.0 = Debug|Any CPU
		{491FF4BA-428B-4D63-8E4B-232EC142EF66}.Debug|iPhoneSimulator.ActiveCfg = Debug|Any CPU
		{491FF4BA-428B-4D63-8E4B-232EC142EF66}.Debug|iPhoneSimulator.Build.0 = Debug|Any CPU
		{491FF4BA-428B-4D63-8E4B-232EC142EF66}.Debug|iPhoneSimulator.Deploy.0 = Debug|Any CPU
		{491FF4BA-428B-4D63-8E4B-232EC142EF66}.Release|Any CPU.ActiveCfg = Release|Any CPU
		{491FF4BA-428B-4D63-8E4B-232EC142EF66}.Release|Any CPU.Build.0 = Release|Any CPU
		{491FF4BA-428B-4D63-8E4B-232EC142EF66}.Release|Any CPU.Deploy.0 = Release|Any CPU
		{491FF4BA-428B-4D63-8E4B-232EC142EF66}.Release|iPhone.ActiveCfg = Release|Any CPU
		{491FF4BA-428B-4D63-8E4B-232EC142EF66}.Release|iPhone.Build.0 = Release|Any CPU
		{491FF4BA-428B-4D63-8E4B-232EC142EF66}.Release|iPhone.Deploy.0 = Release|Any CPU
		{491FF4BA-428B-4D63-8E4B-232EC142EF66}.Release|iPhoneSimulator.ActiveCfg = Release|Any CPU
		{491FF4BA-428B-4D63-8E4B-232EC142EF66}.Release|iPhoneSimulator.Build.0 = Release|Any CPU
		{491FF4BA-428B-4D63-8E4B-232EC142EF66}.Release|iPhoneSimulator.Deploy.0 = Release|Any CPU
	EndGlobalSection
	GlobalSection(SolutionProperties) = preSolution
		HideSolutionNode = FALSE
	EndGlobalSection
	GlobalSection(ExtensibilityGlobals) = postSolution
		SolutionGuid = {F677FCAB-EFFE-410E-B4DC-E15664881680}
	EndGlobalSection
EndGlobal
